
Microsoft Visual Studio Solution File, Format Version 12.00
# Visual Studio 2013
VisualStudioVersion = 12.0.31101.0
MinimumVisualStudioVersion = 10.0.40219.1
Project("{FAE04EC0-301F-11D3-BF4B-00C04F79EFBC}") = "DemoCSS", "DemoCSS\DemoCSS.csproj", "{A0ADB4E3-A638-458A-960B-76F5DCF363F2}"
EndProject
Global
	GlobalSection(SolutionConfigurationPlatforms) = preSolution
		Debug|Any CPU = Debug|Any CPU
		Release|Any CPU = Release|Any CPU
	EndGlobalSection
	GlobalSection(ProjectConfigurationPlatforms) = postSolution
		{A0ADB4E3-A638-458A-960B-76F5DCF363F2}.Debug|Any CPU.ActiveCfg = Debug|Any CPU
		{A0ADB4E3-A638-458A-960B-76F5DCF363F2}.Debug|Any CPU.Build.0 = Debug|Any CPU
		{A0ADB4E3-A638-458A-960B-76F5DCF363F2}.Release|Any CPU.ActiveCfg = Release|Any CPU
		{A0ADB4E3-A638-458A-960B-76F5DCF363F2}.Release|Any CPU.Build.0 = Release|Any CPU
	EndGlobalSection
	GlobalSection(SolutionProperties) = preSolution
		HideSolutionNode = FALSE
	EndGlobalSection
EndGlobal
