
Microsoft Visual Studio Solution File, Format Version 12.00
# Visual Studio 2013
VisualStudioVersion = 12.0.40629.0
MinimumVisualStudioVersion = 10.0.40219.1
Project("{FAE04EC0-301F-11D3-BF4B-00C04F79EFBC}") = "RgAlumnosMVC", "RgAlumnosMVC\RgAlumnosMVC.csproj", "{C730335E-9E4F-4BBA-B24C-A3A09DE217FF}"
	ProjectSection(ProjectDependencies) = postProject
		{7E625AC0-4C88-48D8-AC38-D59E77F3F5F7} = {7E625AC0-4C88-48D8-AC38-D59E77F3F5F7}
	EndProjectSection
EndProject
Project("{FAE04EC0-301F-11D3-BF4B-00C04F79EFBC}") = "RgAlumnosWS", "RgAlumnosWS\RgAlumnosWS.csproj", "{7E625AC0-4C88-48D8-AC38-D59E77F3F5F7}"
EndProject
Global
	GlobalSection(SolutionConfigurationPlatforms) = preSolution
		Debug|Any CPU = Debug|Any CPU
		Release|Any CPU = Release|Any CPU
	EndGlobalSection
	GlobalSection(ProjectConfigurationPlatforms) = postSolution
		{C730335E-9E4F-4BBA-B24C-A3A09DE217FF}.Debug|Any CPU.ActiveCfg = Debug|Any CPU
		{C730335E-9E4F-4BBA-B24C-A3A09DE217FF}.Debug|Any CPU.Build.0 = Debug|Any CPU
		{C730335E-9E4F-4BBA-B24C-A3A09DE217FF}.Release|Any CPU.ActiveCfg = Release|Any CPU
		{C730335E-9E4F-4BBA-B24C-A3A09DE217FF}.Release|Any CPU.Build.0 = Release|Any CPU
		{7E625AC0-4C88-48D8-AC38-D59E77F3F5F7}.Debug|Any CPU.ActiveCfg = Debug|Any CPU
		{7E625AC0-4C88-48D8-AC38-D59E77F3F5F7}.Debug|Any CPU.Build.0 = Debug|Any CPU
		{7E625AC0-4C88-48D8-AC38-D59E77F3F5F7}.Release|Any CPU.ActiveCfg = Release|Any CPU
		{7E625AC0-4C88-48D8-AC38-D59E77F3F5F7}.Release|Any CPU.Build.0 = Release|Any CPU
	EndGlobalSection
	GlobalSection(SolutionProperties) = preSolution
		HideSolutionNode = FALSE
	EndGlobalSection
EndGlobal
